
Microsoft Visual Studio Solution File, Format Version 12.00
# Visual Studio 14
VisualStudioVersion = 14.0.24720.0
MinimumVisualStudioVersion = 10.0.40219.1
Project("{FAE04EC0-301F-11D3-BF4B-00C04F79EFBC}") = "DAL", "DAL\DAL.csproj", "{DC4B0A8D-B708-46AE-9865-04C385615D85}"
EndProject
Project("{FAE04EC0-301F-11D3-BF4B-00C04F79EFBC}") = "Common", "Common\Common.csproj", "{C13B9666-36B9-4F5C-A844-80AD4807255C}"
EndProject
Global
	GlobalSection(SolutionConfigurationPlatforms) = preSolution
		Debug|Any CPU = Debug|Any CPU
		Release|Any CPU = Release|Any CPU
	EndGlobalSection
	GlobalSection(ProjectConfigurationPlatforms) = postSolution
		{DC4B0A8D-B708-46AE-9865-04C385615D85}.Debug|Any CPU.ActiveCfg = Debug|Any CPU
		{DC4B0A8D-B708-46AE-9865-04C385615D85}.Debug|Any CPU.Build.0 = Debug|Any CPU
		{DC4B0A8D-B708-46AE-9865-04C385615D85}.Release|Any CPU.ActiveCfg = Release|Any CPU
		{DC4B0A8D-B708-46AE-9865-04C385615D85}.Release|Any CPU.Build.0 = Release|Any CPU
		{C13B9666-36B9-4F5C-A844-80AD4807255C}.Debug|Any CPU.ActiveCfg = Debug|Any CPU
		{C13B9666-36B9-4F5C-A844-80AD4807255C}.Debug|Any CPU.Build.0 = Debug|Any CPU
		{C13B9666-36B9-4F5C-A844-80AD4807255C}.Release|Any CPU.ActiveCfg = Release|Any CPU
		{C13B9666-36B9-4F5C-A844-80AD4807255C}.Release|Any CPU.Build.0 = Release|Any CPU
	EndGlobalSection
	GlobalSection(SolutionProperties) = preSolution
		HideSolutionNode = FALSE
	EndGlobalSection
EndGlobal
